
Microsoft Visual Studio Solution File, Format Version 12.00
# Visual Studio 15
VisualStudioVersion = 15.0.27130.2003
MinimumVisualStudioVersion = 10.0.40219.1
Project("{9A19103F-16F7-4668-BE54-9A1E7A4F7556}") = "ResistorOhmCalculator", "ResistorOhmCalculator\ResistorOhmCalculator.csproj", "{94813BA6-B45B-4ADA-AB3B-9A53A98E6C0C}"
EndProject
Project("{FAE04EC0-301F-11D3-BF4B-00C04F79EFBC}") = "ResistorOhmCalculator.Test", "ResistorOhmCalculator.Test\ResistorOhmCalculator.Test.csproj", "{95B94BBD-D173-4EBB-9EAC-193CCF16BA1A}"
EndProject
Global
	GlobalSection(SolutionConfigurationPlatforms) = preSolution
		Debug|Any CPU = Debug|Any CPU
		Release|Any CPU = Release|Any CPU
	EndGlobalSection
	GlobalSection(ProjectConfigurationPlatforms) = postSolution
		{94813BA6-B45B-4ADA-AB3B-9A53A98E6C0C}.Debug|Any CPU.ActiveCfg = Debug|Any CPU
		{94813BA6-B45B-4ADA-AB3B-9A53A98E6C0C}.Debug|Any CPU.Build.0 = Debug|Any CPU
		{94813BA6-B45B-4ADA-AB3B-9A53A98E6C0C}.Release|Any CPU.ActiveCfg = Release|Any CPU
		{94813BA6-B45B-4ADA-AB3B-9A53A98E6C0C}.Release|Any CPU.Build.0 = Release|Any CPU
		{95B94BBD-D173-4EBB-9EAC-193CCF16BA1A}.Debug|Any CPU.ActiveCfg = Debug|Any CPU
		{95B94BBD-D173-4EBB-9EAC-193CCF16BA1A}.Debug|Any CPU.Build.0 = Debug|Any CPU
		{95B94BBD-D173-4EBB-9EAC-193CCF16BA1A}.Release|Any CPU.ActiveCfg = Release|Any CPU
		{95B94BBD-D173-4EBB-9EAC-193CCF16BA1A}.Release|Any CPU.Build.0 = Release|Any CPU
	EndGlobalSection
	GlobalSection(SolutionProperties) = preSolution
		HideSolutionNode = FALSE
	EndGlobalSection
	GlobalSection(ExtensibilityGlobals) = postSolution
		SolutionGuid = {DA79702D-A1D0-42CB-BD44-10009E26D207}
	EndGlobalSection
EndGlobal
