
Microsoft Visual Studio Solution File, Format Version 12.00
# Visual Studio 15
VisualStudioVersion = 15.0.27130.2003
MinimumVisualStudioVersion = 10.0.40219.1
Project("{9A19103F-16F7-4668-BE54-9A1E7A4F7556}") = "ResistorOhmMVCClient", "ResistorOhmMVCClient\ResistorOhmMVCClient.csproj", "{6BFDA70B-E9E6-4AAF-BF04-149686097BAE}"
EndProject
Project("{FAE04EC0-301F-11D3-BF4B-00C04F79EFBC}") = "ResistorOhmMVCClient.Test", "ResistorOhmMVCClient.Test\ResistorOhmMVCClient.Test.csproj", "{CFBFD3E6-F3F0-4B73-B21F-9C87E5DF4540}"
EndProject
Global
	GlobalSection(SolutionConfigurationPlatforms) = preSolution
		Debug|Any CPU = Debug|Any CPU
		Release|Any CPU = Release|Any CPU
	EndGlobalSection
	GlobalSection(ProjectConfigurationPlatforms) = postSolution
		{6BFDA70B-E9E6-4AAF-BF04-149686097BAE}.Debug|Any CPU.ActiveCfg = Debug|Any CPU
		{6BFDA70B-E9E6-4AAF-BF04-149686097BAE}.Debug|Any CPU.Build.0 = Debug|Any CPU
		{6BFDA70B-E9E6-4AAF-BF04-149686097BAE}.Release|Any CPU.ActiveCfg = Release|Any CPU
		{6BFDA70B-E9E6-4AAF-BF04-149686097BAE}.Release|Any CPU.Build.0 = Release|Any CPU
		{CFBFD3E6-F3F0-4B73-B21F-9C87E5DF4540}.Debug|Any CPU.ActiveCfg = Debug|Any CPU
		{CFBFD3E6-F3F0-4B73-B21F-9C87E5DF4540}.Debug|Any CPU.Build.0 = Debug|Any CPU
		{CFBFD3E6-F3F0-4B73-B21F-9C87E5DF4540}.Release|Any CPU.ActiveCfg = Release|Any CPU
		{CFBFD3E6-F3F0-4B73-B21F-9C87E5DF4540}.Release|Any CPU.Build.0 = Release|Any CPU
	EndGlobalSection
	GlobalSection(SolutionProperties) = preSolution
		HideSolutionNode = FALSE
	EndGlobalSection
	GlobalSection(ExtensibilityGlobals) = postSolution
		SolutionGuid = {17D03E24-3A91-4C16-A49B-42B1D36D7763}
	EndGlobalSection
EndGlobal
